{
    "_readme": [
        "This file locks the dependencies of your project to a known state",
        "Read more about it at https://getcomposer.org/doc/01-basic-usage.md#installing-dependencies",
        "This file is @generated automatically"
    ],
    "content-hash": "6e36383cbd1a85b535ce9ec1cf2143a2",
    "packages": [
        {
            "name": "ammarfaizi2/googletranslate",
            "version": "0.0.1",
            "source": {
                "type": "git",
                "url": "https://github.com/ammarfaizi2/GoogleTranslate.git",
                "reference": "6f819c31ceaef2dea1ebf5aa4623bb0610b94154"
            },
            "dist": {
                "type": "zip",
                "url": "https://api.github.com/repos/ammarfaizi2/GoogleTranslate/zipball/6f819c31ceaef2dea1ebf5aa4623bb0610b94154",
                "reference": "6f819c31ceaef2dea1ebf5aa4623bb0610b94154",
                "shasum": ""
            },
            "require": {
                "php": ">=5.6"
            },
            "type": "library",
            "autoload": {
                "psr-4": {
                    "GoogleTranslate\\": "src/"
                }
            },
            "notification-url": "https://packagist.org/downloads/",
            "license": [
                "MIT"
            ],
            "authors": [
                {
                    "name": "Ammar Faizi",
                    "email": "ammarfaizi2@gmail.com"
                }
            ],
            "description": "Google Translate",
            "time": "2017-10-22T07:22:03+00:00"
        }
    ],
    "packages-dev": [],
    "aliases": [],
    "minimum-stability": "stable",
    "stability-flags": [],
    "prefer-stable": false,
    "prefer-lowest": false,
    "platform": [],
    "platform-dev": []
}
